{
  "name": "renovate-issue-repro",
  "lockfileVersion": 3,
  "requires": true,
  "packages": {
    "": {
      "name": "renovate-issue-repro",
      "workspaces": [
        "services/service1",
        "services/service2"
      ],
      "devDependencies": {},
      "engines": {
        "npm": "11.4.2"
      }
    },
    "node_modules/nodemailer": {
      "version": "8.0.10",
      "resolved": "https://registry.npmjs.org/nodemailer/-/nodemailer-8.0.10.tgz",
      "integrity": "sha512-BLFuSth7QtHOkBzyqTehWWyub0NTRDuK2Q2SQfnGLsrJnzyU+Yeh4WpV1eZGuARFj1xQJHIdnTuJZLP+b9R1GQ==",
      "license": "MIT-0",
      "engines": {
        "node": ">=6.0.0"
      }
    },
    "node_modules/renovate-issue-service-1": {
      "resolved": "services/service1",
      "link": true
    },
    "node_modules/renovate-issue-service-2": {
      "resolved": "services/service2",
      "link": true
    },
    "services/service1": {
      "name": "renovate-issue-service-1",
      "workspaces": [
        "services/service1",
        "services/service2"
      ],
      "devDependencies": {},
      "engines": {
        "npm": "11.4.2"
      }
    },
    "services/service2": {
      "name": "renovate-issue-service-2",
      "workspaces": [
        "services/service1",
        "services/service2"
      ],
      "dependencies": {
        "nodemailer": "^8.0.0"
      },
      "devDependencies": {},
      "engines": {
        "npm": "11.4.2"
      }
    }
  }
}
