{
  "name": "renovate-issue-repro",
  "lockfileVersion": 3,
  "requires": true,
  "packages": {
    "": {
      "name": "renovate-issue-repro",
      "workspaces": [
        "services/service1",
        "services/service2"
      ],
      "devDependencies": {},
      "engines": {
        "npm": "11.4.2"
      }
    },
    "node_modules/nodemailer": {
      "version": "6.10.1",
      "resolved": "https://registry.npmjs.org/nodemailer/-/nodemailer-6.10.1.tgz",
      "integrity": "sha512-Z+iLaBGVaSjbIzQ4pX6XV41HrooLsQ10ZWPUehGmuantvzWoDVBnmsdUcOIDM1t+yPor5pDhVlDESgOMEGxhHA==",
      "engines": {
        "node": ">=6.0.0"
      }
    },
    "node_modules/renovate-issue-service-1": {
      "resolved": "services/service1",
      "link": true
    },
    "node_modules/renovate-issue-service-2": {
      "resolved": "services/service2",
      "link": true
    },
    "services/service1": {
      "name": "renovate-issue-service-1",
      "workspaces": [
        "services/service1",
        "services/service2"
      ],
      "devDependencies": {},
      "engines": {
        "npm": "11.4.2"
      }
    },
    "services/service2": {
      "name": "renovate-issue-service-2",
      "workspaces": [
        "services/service1",
        "services/service2"
      ],
      "dependencies": {
        "nodemailer": "^6.7.7"
      },
      "devDependencies": {},
      "engines": {
        "npm": "11.4.2"
      }
    }
  }
}
